<Solution>
  <Project Path="..\..\FreeSql\FreeSql.csproj" Type="Classic C#" />
  <Project Path="..\..\Providers\FreeSql.Provider.SqliteCore\FreeSql.Provider.SqliteCore.csproj" Type="Classic C#" />
  <Project Path="GroupAot\GroupAot.csproj" Type="Classic C#" />
  <Project Path="Model\Model.csproj" Type="Classic C#" />
</Solution>